parameters:
  ARMServiceConnection: ''
  SubscriptionId: ''
  AzureRegion: ''
  ResourceGroupName: ''
  LockType: '' #values should be readonly or delete
  LockState: 'Enabled'

steps:
- task: AzureCLI@2
  displayName: "Delete resource group lock"
  condition: and(succeeded(), eq('${{ parameters.LockState }}', 'Disabled'))
  inputs:
    azureSubscription: ${{ parameters.ARMServiceConnection }}
    scriptType: ps
    scriptLocation: 'inlineScript'
    inlineScript: |
      if($(az group exists --name ${{ parameters.ResourceGroupName }}) -eq "true" ){
        az group lock delete -g ${{ parameters.ResourceGroupName }} -n ${{ parameters.LockType }}
        Start-Sleep -s 30
      }

- task: AzureResourceManagerTemplateDeployment@3
  displayName: 'ARM deployment: Resource Group Lock'
  condition: and(succeeded(), eq('${{ parameters.LockState }}', 'Enabled'))
  inputs:
    deploymentScope: 'Resource Group'
    azureResourceManagerConnection: ${{ parameters.ARMServiceConnection}}
    subscriptionId: ${{ parameters.SubscriptionId }}
    resourceGroupName: ${{ parameters.ResourceGroupName }}
    location: '${{ parameters.AzureRegion }}'
    csmFile: '$(System.DefaultWorkingDirectory)/utils/resourceLock.json'
    overrideParameters: "-lockType ${{ parameters.LockType }}"
    deploymentMode: 'Incremental'